// !$*UTF8*$!
{
	archiveVersion = 1;
	classes = {
	};
	objectVersion = 46;
	objects = {

/* Begin PBXBuildFile section */
		CCB5BD021E6E997700A4D20B /* AppDelegate.swift in Sources */ = {isa = PBXBuildFile; fileRef = CCB5BCF81E6E997700A4D20B /* AppDelegate.swift */; };
		CCB5BD041E6E997700A4D20B /* LaunchScreen.storyboard in Resources */ = {isa = PBXBuildFile; fileRef = CCB5BCFC1E6E997700A4D20B /* LaunchScreen.storyboard */; };
		CCB5BD051E6E997700A4D20B /* Main.storyboard in Resources */ = {isa = PBXBuildFile; fileRef = CCB5BCFD1E6E997700A4D20B /* Main.storyboard */; };
		CCB5BD061E6E997700A4D20B /* ViewController.swift in Sources */ = {isa = PBXBuildFile; fileRef = CCB5BCFF1E6E997700A4D20B /* ViewController.swift */; };
		CCB5BD071E6E997700A4D20B /* Assets.xcassets in Resources */ = {isa = PBXBuildFile; fileRef = CCB5BD011E6E997700A4D20B /* Assets.xcassets */; };
		CCB5BD0A1E6E9A0600A4D20B /* CoreDataManager.swift in Sources */ = {isa = PBXBuildFile; fileRef = CCB5BD091E6E9A0600A4D20B /* CoreDataManager.swift */; };
/* End PBXBuildFile section */

/* Begin PBXFileReference section */
		CCB5BCE11E6E990E00A4D20B /* Lists.app */ = {isa = PBXFileReference; explicitFileType = wrapper.application; includeInIndex = 0; path = Lists.app; sourceTree = BUILT_PRODUCTS_DIR; };
		CCB5BCF81E6E997700A4D20B /* AppDelegate.swift */ = {isa = PBXFileReference; fileEncoding = 4; lastKnownFileType = sourcecode.swift; path = AppDelegate.swift; sourceTree = "<group>"; };
		CCB5BCFA1E6E997700A4D20B /* Info.plist */ = {isa = PBXFileReference; fileEncoding = 4; lastKnownFileType = text.plist.xml; path = Info.plist; sourceTree = "<group>"; };
		CCB5BCFC1E6E997700A4D20B /* LaunchScreen.storyboard */ = {isa = PBXFileReference; fileEncoding = 4; lastKnownFileType = file.storyboard; path = LaunchScreen.storyboard; sourceTree = "<group>"; };
		CCB5BCFD1E6E997700A4D20B /* Main.storyboard */ = {isa = PBXFileReference; fileEncoding = 4; lastKnownFileType = file.storyboard; path = Main.storyboard; sourceTree = "<group>"; };
		CCB5BCFF1E6E997700A4D20B /* ViewController.swift */ = {isa = PBXFileReference; fileEncoding = 4; lastKnownFileType = sourcecode.swift; path = ViewController.swift; sourceTree = "<group>"; };
		CCB5BD011E6E997700A4D20B /* Assets.xcassets */ = {isa = PBXFileReference; lastKnownFileType = folder.assetcatalog; path = Assets.xcassets; sourceTree = "<group>"; };
		CCB5BD091E6E9A0600A4D20B /* CoreDataManager.swift */ = {isa = PBXFileReference; fileEncoding = 4; lastKnownFileType = sourcecode.swift; path = CoreDataManager.swift; sourceTree = "<group>"; };
/* End PBXFileReference section */

/* Begin PBXFrameworksBuildPhase section */
		CCB5BCDE1E6E990E00A4D20B /* Frameworks */ = {
			isa = PBXFrameworksBuildPhase;
			buildActionMask = 2147483647;
			files = (
			);
			runOnlyForDeploymentPostprocessing = 0;
		};
/* End PBXFrameworksBuildPhase section */

/* Begin PBXGroup section */
		CCB5BCD81E6E990E00A4D20B = {
			isa = PBXGroup;
			children = (
				CCB5BCE31E6E990E00A4D20B /* Lists */,
				CCB5BCE21E6E990E00A4D20B /* Products */,
			);
			sourceTree = "<group>";
		};
		CCB5BCE21E6E990E00A4D20B /* Products */ = {
			isa = PBXGroup;
			children = (
				CCB5BCE11E6E990E00A4D20B /* Lists.app */,
			);
			name = Products;
			sourceTree = "<group>";
		};
		CCB5BCE31E6E990E00A4D20B /* Lists */ = {
			isa = PBXGroup;
			children = (
				CCB5BCF71E6E997700A4D20B /* Application Delegate */,
				CCB5BCFE1E6E997700A4D20B /* View Controllers */,
				CCB5BCFB1E6E997700A4D20B /* Storyboards */,
				CCB5BD001E6E997700A4D20B /* Resources */,
				CCB5BD081E6E99ED00A4D20B /* Managers */,
				CCB5BCF91E6E997700A4D20B /* Supporting Files */,
			);
			path = Lists;
			sourceTree = "<group>";
		};
		CCB5BCF71E6E997700A4D20B /* Application Delegate */ = {
			isa = PBXGroup;
			children = (
				CCB5BCF81E6E997700A4D20B /* AppDelegate.swift */,
			);
			path = "Application Delegate";
			sourceTree = "<group>";
		};
		CCB5BCF91E6E997700A4D20B /* Supporting Files */ = {
			isa = PBXGroup;
			children = (
				CCB5BCFA1E6E997700A4D20B /* Info.plist */,
			);
			path = "Supporting Files";
			sourceTree = "<group>";
		};
		CCB5BCFB1E6E997700A4D20B /* Storyboards */ = {
			isa = PBXGroup;
			children = (
				CCB5BCFC1E6E997700A4D20B /* LaunchScreen.storyboard */,
				CCB5BCFD1E6E997700A4D20B /* Main.storyboard */,
			);
			path = Storyboards;
			sourceTree = "<group>";
		};
		CCB5BCFE1E6E997700A4D20B /* View Controllers */ = {
			isa = PBXGroup;
			children = (
				CCB5BCFF1E6E997700A4D20B /* ViewController.swift */,
			);
			path = "View Controllers";
			sourceTree = "<group>";
		};
		CCB5BD001E6E997700A4D20B /* Resources */ = {
			isa = PBXGroup;
			children = (
				CCB5BD011E6E997700A4D20B /* Assets.xcassets */,
			);
			path = Resources;
			sourceTree = "<group>";
		};
		CCB5BD081E6E99ED00A4D20B /* Managers */ = {
			isa = PBXGroup;
			children = (
				CCB5BD091E6E9A0600A4D20B /* CoreDataManager.swift */,
			);
			path = Managers;
			sourceTree = "<group>";
		};
/* End PBXGroup section */

/* Begin PBXNativeTarget section */
		CCB5BCE01E6E990E00A4D20B /* Lists */ = {
			isa = PBXNativeTarget;
			buildConfigurationList = CCB5BCF31E6E990E00A4D20B /* Build configuration list for PBXNativeTarget "Lists" */;
			buildPhases = (
				CCB5BCDD1E6E990E00A4D20B /* Sources */,
				CCB5BCDE1E6E990E00A4D20B /* Frameworks */,
				CCB5BCDF1E6E990E00A4D20B /* Resources */,
			);
			buildRules = (
			);
			dependencies = (
			);
			name = Lists;
			productName = Lists;
			productReference = CCB5BCE11E6E990E00A4D20B /* Lists.app */;
			productType = "com.apple.product-type.application";
		};
/* End PBXNativeTarget section */

/* Begin PBXProject section */
		CCB5BCD91E6E990E00A4D20B /* Project object */ = {
			isa = PBXProject;
			attributes = {
				LastSwiftUpdateCheck = 0820;
				LastUpgradeCheck = 0820;
				ORGANIZATIONNAME = Cocoacasts;
				TargetAttributes = {
					CCB5BCE01E6E990E00A4D20B = {
						CreatedOnToolsVersion = 8.2.1;
						DevelopmentTeam = 2493UGBPKJ;
						ProvisioningStyle = Automatic;
					};
				};
			};
			buildConfigurationList = CCB5BCDC1E6E990E00A4D20B /* Build configuration list for PBXProject "Lists" */;
			compatibilityVersion = "Xcode 3.2";
			developmentRegion = English;
			hasScannedForEncodings = 0;
			knownRegions = (
				en,
				Base,
			);
			mainGroup = CCB5BCD81E6E990E00A4D20B;
			productRefGroup = CCB5BCE21E6E990E00A4D20B /* Products */;
			projectDirPath = "";
			projectRoot = "";
			targets = (
				CCB5BCE01E6E990E00A4D20B /* Lists */,
			);
		};
/* End PBXProject section */

/* Begin PBXResourcesBuildPhase section */
		CCB5BCDF1E6E990E00A4D20B /* Resources */ = {
			isa = PBXResourcesBuildPhase;
			buildActionMask = 2147483647;
			files = (
				CCB5BD051E6E997700A4D20B /* Main.storyboard in Resources */,
				CCB5BD071E6E997700A4D20B /* Assets.xcassets in Resources */,
				CCB5BD041E6E997700A4D20B /* LaunchScreen.storyboard in Resources */,
			);
			runOnlyForDeploymentPostprocessing = 0;
		};
/* End PBXResourcesBuildPhase section */

/* Begin PBXSourcesBuildPhase section */
		CCB5BCDD1E6E990E00A4D20B /* Sources */ = {
			isa = PBXSourcesBuildPhase;
			buildActionMask = 2147483647;
			files = (
				CCB5BD0A1E6E9A0600A4D20B /* CoreDataManager.swift in Sources */,
				CCB5BD061E6E997700A4D20B /* ViewController.swift in Sources */,
				CCB5BD021E6E997700A4D20B /* AppDelegate.swift in Sources */,
			);
			runOnlyForDeploymentPostprocessing = 0;
		};
/* End PBXSourcesBuildPhase section */

/* Begin XCBuildConfiguration section */
		CCB5BCF11E6E990E00A4D20B /* Debug */ = {
			isa = XCBuildConfiguration;
			buildSettings = {
				ALWAYS_SEARCH_USER_PATHS = NO;
				CLANG_ANALYZER_NONNULL = YES;
				CLANG_CXX_LANGUAGE_STANDARD = "gnu++0x";
				CLANG_CXX_LIBRARY = "libc++";
				CLANG_ENABLE_MODULES = YES;
				CLANG_ENABLE_OBJC_ARC = YES;
				CLANG_WARN_BOOL_CONVERSION = YES;
				CLANG_WARN_CONSTANT_CONVERSION = YES;
				CLANG_WARN_DIRECT_OBJC_ISA_USAGE = YES_ERROR;
				CLANG_WARN_DOCUMENTATION_COMMENTS = YES;
				CLANG_WARN_EMPTY_BODY = YES;
				CLANG_WARN_ENUM_CONVERSION = YES;
				CLANG_WARN_INFINITE_RECURSION = YES;
				CLANG_WARN_INT_CONVERSION = YES;
				CLANG_WARN_OBJC_ROOT_CLASS = YES_ERROR;
				CLANG_WARN_SUSPICIOUS_MOVE = YES;
				CLANG_WARN_UNREACHABLE_CODE = YES;
				CLANG_WARN__DUPLICATE_METHOD_MATCH = YES;
				"CODE_SIGN_IDENTITY[sdk=iphoneos*]" = "iPhone Developer";
				COPY_PHASE_STRIP = NO;
				DEBUG_INFORMATION_FORMAT = dwarf;
				ENABLE_STRICT_OBJC_MSGSEND = YES;
				ENABLE_TESTABILITY = YES;
				GCC_C_LANGUAGE_STANDARD = gnu99;
				GCC_DYNAMIC_NO_PIC = NO;
				GCC_NO_COMMON_BLOCKS = YES;
				GCC_OPTIMIZATION_LEVEL = 0;
				GCC_PREPROCESSOR_DEFINITIONS = (
					"DEBUG=1",
					"$(inherited)",
				);
				GCC_WARN_64_TO_32_BIT_CONVERSION = YES;
				GCC_WARN_ABOUT_RETURN_TYPE = YES_ERROR;
				GCC_WARN_UNDECLARED_SELECTOR = YES;
				GCC_WARN_UNINITIALIZED_AUTOS = YES_AGGRESSIVE;
				GCC_WARN_UNUSED_FUNCTION = YES;
				GCC_WARN_UNUSED_VARIABLE = YES;
				IPHONEOS_DEPLOYMENT_TARGET = 10.2;
				MTL_ENABLE_DEBUG_INFO = YES;
				ONLY_ACTIVE_ARCH = YES;
				SDKROOT = iphoneos;
				SWIFT_ACTIVE_COMPILATION_CONDITIONS = DEBUG;
				SWIFT_OPTIMIZATION_LEVEL = "-Onone";
			};
			name = Debug;
		};
		CCB5BCF21E6E990E00A4D20B /* Release */ = {
			isa = XCBuildConfiguration;
			buildSettings = {
				ALWAYS_SEARCH_USER_PATHS = NO;
				CLANG_ANALYZER_NONNULL = YES;
				CLANG_CXX_LANGUAGE_STANDARD = "gnu++0x";
				CLANG_CXX_LIBRARY = "libc++";
				CLANG_ENABLE_MODULES = YES;
				CLANG_ENABLE_OBJC_ARC = YES;
				CLANG_WARN_BOOL_CONVERSION = YES;
				CLANG_WARN_CONSTANT_CONVERSION = YES;
				CLANG_WARN_DIRECT_OBJC_ISA_USAGE = YES_ERROR;
				CLANG_WARN_DOCUMENTATION_COMMENTS = YES;
				CLANG_WARN_EMPTY_BODY = YES;
				CLANG_WARN_ENUM_CONVERSION = YES;
				CLANG_WARN_INFINITE_RECURSION = YES;
				CLANG_WARN_INT_CONVERSION = YES;
				CLANG_WARN_OBJC_ROOT_CLASS = YES_ERROR;
				CLANG_WARN_SUSPICIOUS_MOVE = YES;
				CLANG_WARN_UNREACHABLE_CODE = YES;
				CLANG_WARN__DUPLICATE_METHOD_MATCH = YES;
				"CODE_SIGN_IDENTITY[sdk=iphoneos*]" = "iPhone Developer";
				COPY_PHASE_STRIP = NO;
				DEBUG_INFORMATION_FORMAT = "dwarf-with-dsym";
				ENABLE_NS_ASSERTIONS = NO;
				ENABLE_STRICT_OBJC_MSGSEND = YES;
				GCC_C_LANGUAGE_STANDARD = gnu99;
				GCC_NO_COMMON_BLOCKS = YES;
				GCC_WARN_64_TO_32_BIT_CONVERSION = YES;
				GCC_WARN_ABOUT_RETURN_TYPE = YES_ERROR;
				GCC_WARN_UNDECLARED_SELECTOR = YES;
				GCC_WARN_UNINITIALIZED_AUTOS = YES_AGGRESSIVE;
				GCC_WARN_UNUSED_FUNCTION = YES;
				GCC_WARN_UNUSED_VARIABLE = YES;
				IPHONEOS_DEPLOYMENT_TARGET = 10.2;
				MTL_ENABLE_DEBUG_INFO = NO;
				SDKROOT = iphoneos;
				SWIFT_OPTIMIZATION_LEVEL = "-Owholemodule";
				VALIDATE_PRODUCT = YES;
			};
			name = Release;
		};
		CCB5BCF41E6E990E00A4D20B /* Debug */ = {
			isa = XCBuildConfiguration;
			buildSettings = {
				ASSETCATALOG_COMPILER_APPICON_NAME = AppIcon;
				DEVELOPMENT_TEAM = 2493UGBPKJ;
				INFOPLIST_FILE = "Lists/Supporting Files/Info.plist";
				LD_RUNPATH_SEARCH_PATHS = "$(inherited) @executable_path/Frameworks";
				PRODUCT_BUNDLE_IDENTIFIER = com.cocoacasts.Lists;
				PRODUCT_NAME = "$(TARGET_NAME)";
				SWIFT_VERSION = 3.0;
			};
			name = Debug;
		};
		CCB5BCF51E6E990E00A4D20B /* Release */ = {
			isa = XCBuildConfiguration;
			buildSettings = {
				ASSETCATALOG_COMPILER_APPICON_NAME = AppIcon;
				DEVELOPMENT_TEAM = 2493UGBPKJ;
				INFOPLIST_FILE = "Lists/Supporting Files/Info.plist";
				LD_RUNPATH_SEARCH_PATHS = "$(inherited) @executable_path/Frameworks";
				PRODUCT_BUNDLE_IDENTIFIER = com.cocoacasts.Lists;
				PRODUCT_NAME = "$(TARGET_NAME)";
				SWIFT_VERSION = 3.0;
			};
			name = Release;
		};
/* End XCBuildConfiguration section */

/* Begin XCConfigurationList section */
		CCB5BCDC1E6E990E00A4D20B /* Build configuration list for PBXProject "Lists" */ = {
			isa = XCConfigurationList;
			buildConfigurations = (
				CCB5BCF11E6E990E00A4D20B /* Debug */,
				CCB5BCF21E6E990E00A4D20B /* Release */,
			);
			defaultConfigurationIsVisible = 0;
			defaultConfigurationName = Release;
		};
		CCB5BCF31E6E990E00A4D20B /* Build configuration list for PBXNativeTarget "Lists" */ = {
			isa = XCConfigurationList;
			buildConfigurations = (
				CCB5BCF41E6E990E00A4D20B /* Debug */,
				CCB5BCF51E6E990E00A4D20B /* Release */,
			);
			defaultConfigurationIsVisible = 0;
		};
/* End XCConfigurationList section */
	};
	rootObject = CCB5BCD91E6E990E00A4D20B /* Project object */;
}
